{
  "nodes": {
    "futils": {
      "locked": {
        "lastModified": 1608663846,
        "narHash": "sha256-YOAXeoNLW0IubQ6AZLGuSj5kAD5n4DYXLYReLtyds1A=",
        "owner": "numtide",
        "repo": "flake-utils",
        "rev": "a68df93a37cd5137ac22ffeb2d8a03acf253cc24",
        "type": "github"
      },
      "original": {
        "owner": "numtide",
        "ref": "flatten-tree-system",
        "repo": "flake-utils",
        "type": "github"
      }
    },
    "hardware": {
      "locked": {
        "lastModified": 1648141026,
        "narHash": "sha256-h8e3+5EZFbYHTMb0DN2ACuQTJBNHpqigvmEV1w2WIuE=",
        "owner": "NixOS",
        "repo": "nixos-hardware",
        "rev": "feceb4d24f582817d8f6e737cd40af9e162dee05",
        "type": "github"
      },
      "original": {
        "owner": "NixOS",
        "repo": "nixos-hardware",
        "type": "github"
      }
    },
    "home": {
      "inputs": {
        "nixpkgs": [
          "nixpkgs"
        ]
      },
      "locked": {
        "lastModified": 1648366999,
        "narHash": "sha256-Sdm0lI2ZBc70EnMMmvfDVY7gIM3M4c2L86EdQ9tKRE4=",
        "owner": "rycee",
        "repo": "home-manager",
        "rev": "888eac32bd657bfe0d024c8770130d80d1c02cd3",
        "type": "github"
      },
      "original": {
        "owner": "rycee",
        "repo": "home-manager",
        "type": "github"
      }
    },
    "mobile-nixos": {
      "locked": {
        "lastModified": 1612336912,
        "narHash": "sha256-ESErrBuv0U8bnAGthewPCN4PLOw1Rhp7XgXI3NLDzbQ=",
        "owner": "archseer",
        "repo": "mobile-nixos",
        "rev": "88d10fbd379cca187ecc2039462e03346c4f189a",
        "type": "github"
      },
      "original": {
        "owner": "archseer",
        "ref": "flake",
        "repo": "mobile-nixos",
        "type": "github"
      }
    },
    "nixos": {
      "locked": {
        "lastModified": 1648069223,
        "narHash": "sha256-BXzQV8p/RR440EB9qY0ULYfTH0zSW1stjUCYeP4SF+E=",
        "owner": "NixOS",
        "repo": "nixpkgs",
        "rev": "1d08ea2bd83abef174fb43cbfb8a856b8ef2ce26",
        "type": "github"
      },
      "original": {
        "id": "nixpkgs",
        "ref": "nixos-unstable",
        "type": "indirect"
      }
    },
    "nixpkgs": {
      "locked": {
        "lastModified": 1648219316,
        "narHash": "sha256-Ctij+dOi0ZZIfX5eMhgwugfvB+WZSrvVNAyAuANOsnQ=",
        "owner": "NixOS",
        "repo": "nixpkgs",
        "rev": "30d3d79b7d3607d56546dd2a6b49e156ba0ec634",
        "type": "github"
      },
      "original": {
        "id": "nixpkgs",
        "ref": "nixpkgs-unstable",
        "type": "indirect"
      }
    },
    "root": {
      "inputs": {
        "futils": "futils",
        "hardware": "hardware",
        "home": "home",
        "mobile-nixos": "mobile-nixos",
        "nixos": "nixos",
        "nixpkgs": "nixpkgs"
      }
    }
  },
  "root": "root",
  "version": 7
}
