{
  "nodes": {
    "futils": {
      "locked": {
        "lastModified": 1608663846,
        "narHash": "sha256-YOAXeoNLW0IubQ6AZLGuSj5kAD5n4DYXLYReLtyds1A=",
        "owner": "numtide",
        "repo": "flake-utils",
        "rev": "a68df93a37cd5137ac22ffeb2d8a03acf253cc24",
        "type": "github"
      },
      "original": {
        "owner": "numtide",
        "ref": "flatten-tree-system",
        "repo": "flake-utils",
        "type": "github"
      }
    },
    "hardware": {
      "locked": {
        "lastModified": 1665987993,
        "narHash": "sha256-MvlaIYTRiqefG4dzI5p6vVCfl+9V8A1cPniUjcn6Ngc=",
        "owner": "NixOS",
        "repo": "nixos-hardware",
        "rev": "0e6593630071440eb89cd97a52921497482b22c6",
        "type": "github"
      },
      "original": {
        "owner": "NixOS",
        "repo": "nixos-hardware",
        "type": "github"
      }
    },
    "home": {
      "inputs": {
        "nixpkgs": [
          "nixpkgs"
        ],
        "utils": "utils"
      },
      "locked": {
        "lastModified": 1665991686,
        "narHash": "sha256-VbhugQ+NhybgCfU1gpbEQ6QFYrVQ3jRioYIYFVZ+KPs=",
        "owner": "rycee",
        "repo": "home-manager",
        "rev": "e901c8d86082be74a8be70773bbb6d401ff21e49",
        "type": "github"
      },
      "original": {
        "owner": "rycee",
        "repo": "home-manager",
        "type": "github"
      }
    },
    "mobile-nixos": {
      "locked": {
        "lastModified": 1612336912,
        "narHash": "sha256-ESErrBuv0U8bnAGthewPCN4PLOw1Rhp7XgXI3NLDzbQ=",
        "owner": "archseer",
        "repo": "mobile-nixos",
        "rev": "88d10fbd379cca187ecc2039462e03346c4f189a",
        "type": "github"
      },
      "original": {
        "owner": "archseer",
        "ref": "flake",
        "repo": "mobile-nixos",
        "type": "github"
      }
    },
    "nixos": {
      "locked": {
        "lastModified": 1665940183,
        "narHash": "sha256-cPe3F7CtnxU9YbJpc3Adl4d9kX+turqTv5FxM98i8vg=",
        "owner": "NixOS",
        "repo": "nixpkgs",
        "rev": "104e8082de1b20f9d0e1f05b1028795ed0e0e4bc",
        "type": "github"
      },
      "original": {
        "id": "nixpkgs",
        "ref": "nixos-unstable",
        "type": "indirect"
      }
    },
    "nixpkgs": {
      "locked": {
        "lastModified": 1665975177,
        "narHash": "sha256-PypbdMOB9l5Uks1phl2reKY+klMabz8fepj7bWrupZE=",
        "owner": "NixOS",
        "repo": "nixpkgs",
        "rev": "ab6176ac5b0ee4f18e9cb380a41a6e1816c7bc89",
        "type": "github"
      },
      "original": {
        "id": "nixpkgs",
        "ref": "nixpkgs-unstable",
        "type": "indirect"
      }
    },
    "root": {
      "inputs": {
        "futils": "futils",
        "hardware": "hardware",
        "home": "home",
        "mobile-nixos": "mobile-nixos",
        "nixos": "nixos",
        "nixpkgs": "nixpkgs"
      }
    },
    "utils": {
      "locked": {
        "lastModified": 1659877975,
        "narHash": "sha256-zllb8aq3YO3h8B/U0/J1WBgAL8EX5yWf5pMj3G0NAmc=",
        "owner": "numtide",
        "repo": "flake-utils",
        "rev": "c0e246b9b83f637f4681389ecabcb2681b4f3af0",
        "type": "github"
      },
      "original": {
        "owner": "numtide",
        "repo": "flake-utils",
        "type": "github"
      }
    }
  },
  "root": "root",
  "version": 7
}
