{
  "nodes": {
    "hardware": {
      "locked": {
        "lastModified": 1688798314,
        "narHash": "sha256-MFG5rx7L756rtrPHsL662m64AZ4sKqUcApaiYgSKfNM=",
        "owner": "NixOS",
        "repo": "nixos-hardware",
        "rev": "47dca15d86fdd2eabcf434d7cc0b5baa8d1a463c",
        "type": "github"
      },
      "original": {
        "owner": "NixOS",
        "repo": "nixos-hardware",
        "type": "github"
      }
    },
    "home": {
      "inputs": {
        "nixpkgs": [
          "nixpkgs"
        ]
      },
      "locked": {
        "lastModified": 1688892808,
        "narHash": "sha256-AeWzyG37EqyHH2C1GmrV9y0ZQ4e7rAs9AUOnw8I4YUI=",
        "owner": "rycee",
        "repo": "home-manager",
        "rev": "b70db52ff06f30e3de7f21b6ea47e75baa0c46f6",
        "type": "github"
      },
      "original": {
        "owner": "rycee",
        "repo": "home-manager",
        "type": "github"
      }
    },
    "mobile-nixos": {
      "locked": {
        "lastModified": 1612336912,
        "narHash": "sha256-ESErrBuv0U8bnAGthewPCN4PLOw1Rhp7XgXI3NLDzbQ=",
        "owner": "archseer",
        "repo": "mobile-nixos",
        "rev": "88d10fbd379cca187ecc2039462e03346c4f189a",
        "type": "github"
      },
      "original": {
        "owner": "archseer",
        "ref": "flake",
        "repo": "mobile-nixos",
        "type": "github"
      }
    },
    "nixos": {
      "locked": {
        "lastModified": 1688679045,
        "narHash": "sha256-t3xGEfYIwhaLTPU8FLtN/pLPytNeDwbLI6a7XFFBlGo=",
        "owner": "NixOS",
        "repo": "nixpkgs",
        "rev": "3c7487575d9445185249a159046cc02ff364bff8",
        "type": "github"
      },
      "original": {
        "id": "nixpkgs",
        "ref": "nixos-unstable",
        "type": "indirect"
      }
    },
    "nixpkgs": {
      "locked": {
        "lastModified": 1688925019,
        "narHash": "sha256-281HjmJycKt8rZ0/vpYTtJuZrQl6mpGNlUFf8cebmeA=",
        "owner": "NixOS",
        "repo": "nixpkgs",
        "rev": "2b356dae6208d422236c4cdc48f3bed749f9daea",
        "type": "github"
      },
      "original": {
        "id": "nixpkgs",
        "ref": "nixpkgs-unstable",
        "type": "indirect"
      }
    },
    "root": {
      "inputs": {
        "hardware": "hardware",
        "home": "home",
        "mobile-nixos": "mobile-nixos",
        "nixos": "nixos",
        "nixpkgs": "nixpkgs"
      }
    }
  },
  "root": "root",
  "version": 7
}
